
Microsoft Visual Studio Solution File, Format Version 12.00
# Visual Studio Version 16
VisualStudioVersion = 16.0.29123.88
MinimumVisualStudioVersion = 10.0.40219.1
Project("{9092AA53-FB77-4645-B42D-1CCCA6BD08BD}") = "QuatreBot", "QuatreBot.njsproj", "{0E9C1874-F024-4751-949F-7776EF16D581}"
EndProject
Global
	GlobalSection(SolutionConfigurationPlatforms) = preSolution
		Debug|Any CPU = Debug|Any CPU
		Release|Any CPU = Release|Any CPU
	EndGlobalSection
	GlobalSection(ProjectConfigurationPlatforms) = postSolution
		{0E9C1874-F024-4751-949F-7776EF16D581}.Debug|Any CPU.ActiveCfg = Debug|Any CPU
		{0E9C1874-F024-4751-949F-7776EF16D581}.Debug|Any CPU.Build.0 = Debug|Any CPU
		{0E9C1874-F024-4751-949F-7776EF16D581}.Release|Any CPU.ActiveCfg = Release|Any CPU
		{0E9C1874-F024-4751-949F-7776EF16D581}.Release|Any CPU.Build.0 = Release|Any CPU
	EndGlobalSection
	GlobalSection(SolutionProperties) = preSolution
		HideSolutionNode = FALSE
	EndGlobalSection
	GlobalSection(ExtensibilityGlobals) = postSolution
		SolutionGuid = {94B27E02-E2CE-4B55-BCBA-C637F64E5035}
	EndGlobalSection
EndGlobal
